<?xml version="1.0" encoding="utf-8"?>
<Project ToolsVersion="4.0" xmlns="http://schemas.microsoft.com/developer/msbuild/2003">
  <ItemGroup>
    <ClCompile Include="src.c" />
    <ClCompile Include="shell\sshell.c">
      <Filter>shell</Filter>
    </ClCompile>
    <ClCompile Include="shell\stray.c">
      <Filter>shell</Filter>
    </ClCompile>
    <ClCompile Include="sglobalc.c" />
    <ClCompile Include="sglobalcpp.cpp" />
    <ClCompile Include="shell\sstub.cpp">
      <Filter>shell</Filter>
    </ClCompile>
  </ItemGroup>
  <ItemGroup>
    <None Include="makefile" />
    <None Include="..\..\build.makefile" />
  </ItemGroup>
  <ItemGroup>
    <Filter Include="shell">
      <UniqueIdentifier>{ee231e4e-178d-4b6a-9023-277fe029765c}</UniqueIdentifier>
    </Filter>
  </ItemGroup>
  <ItemGroup>
    <ClInclude Include="src.h" />
    <ClInclude Include="shell\sshell.h">
      <Filter>shell</Filter>
    </ClInclude>
    <ClInclude Include="shell\stray.h">
      <Filter>shell</Filter>
    </ClInclude>
    <ClInclude Include="sglobalc.h" />
    <ClInclude Include="sglobalcpp.h" />
    <ClInclude Include="shell\sstub.h">
      <Filter>shell</Filter>
    </ClInclude>
  </ItemGroup>
</Project>